
Microsoft Visual Studio Solution File, Format Version 12.00
# Visual Studio Version 18
VisualStudioVersion = 18.3.11512.155
MinimumVisualStudioVersion = 10.0.40219.1
Project("{FAE04EC0-301F-11D3-BF4B-00C04F79EFBC}") = "shadcnui", "shadcnui.csproj", "{76A7E88E-C397-1E22-DDCB-FB924BD18F66}"
EndProject
Global
	GlobalSection(SolutionConfigurationPlatforms) = preSolution
		Debug|Any CPU = Debug|Any CPU
		Release|Any CPU = Release|Any CPU
	EndGlobalSection
	GlobalSection(ProjectConfigurationPlatforms) = postSolution
		{76A7E88E-C397-1E22-DDCB-FB924BD18F66}.Debug|Any CPU.ActiveCfg = Mono_BepInEx|Any CPU
		{76A7E88E-C397-1E22-DDCB-FB924BD18F66}.Debug|Any CPU.Build.0 = Mono_BepInEx|Any CPU
		{76A7E88E-C397-1E22-DDCB-FB924BD18F66}.Release|Any CPU.ActiveCfg = Release|Any CPU
		{76A7E88E-C397-1E22-DDCB-FB924BD18F66}.Release|Any CPU.Build.0 = Release|Any CPU
	EndGlobalSection
	GlobalSection(SolutionProperties) = preSolution
		HideSolutionNode = FALSE
	EndGlobalSection
	GlobalSection(ExtensibilityGlobals) = postSolution
		SolutionGuid = {FB7EFAAC-56F3-4C73-BD05-F1BC106DEF2B}
	EndGlobalSection
EndGlobal
